
Microsoft Visual Studio Solution File, Format Version 12.00
# Visual Studio Version 16
VisualStudioVersion = 16.0.29613.14
MinimumVisualStudioVersion = 10.0.40219.1
Project("{FAE04EC0-301F-11D3-BF4B-00C04F79EFBC}") = "1175WeekOneChallenge1", "1175WeekOneChallenge1.csproj", "{89C698C2-8428-487B-8548-2DC765DF83E9}"
EndProject
Global
	GlobalSection(SolutionConfigurationPlatforms) = preSolution
		Debug|Any CPU = Debug|Any CPU
		Release|Any CPU = Release|Any CPU
	EndGlobalSection
	GlobalSection(ProjectConfigurationPlatforms) = postSolution
		{89C698C2-8428-487B-8548-2DC765DF83E9}.Debug|Any CPU.ActiveCfg = Debug|Any CPU
		{89C698C2-8428-487B-8548-2DC765DF83E9}.Debug|Any CPU.Build.0 = Debug|Any CPU
		{89C698C2-8428-487B-8548-2DC765DF83E9}.Release|Any CPU.ActiveCfg = Release|Any CPU
		{89C698C2-8428-487B-8548-2DC765DF83E9}.Release|Any CPU.Build.0 = Release|Any CPU
	EndGlobalSection
	GlobalSection(SolutionProperties) = preSolution
		HideSolutionNode = FALSE
	EndGlobalSection
	GlobalSection(ExtensibilityGlobals) = postSolution
		SolutionGuid = {F323650F-EFDB-45D7-99D7-DB31DEEF0131}
	EndGlobalSection
EndGlobal
